
Microsoft Visual Studio Solution File, Format Version 12.00
# Visual Studio Version 17
VisualStudioVersion = 17.4.33213.308
MinimumVisualStudioVersion = 10.0.40219.1
Project("{FAE04EC0-301F-11D3-BF4B-00C04F79EFBC}") = "interface", "interface\interface.csproj", "{8F851FFA-4644-4441-AAB4-9C391C18E7DA}"
EndProject
Global
	GlobalSection(SolutionConfigurationPlatforms) = preSolution
		Debug|Any CPU = Debug|Any CPU
		Release|Any CPU = Release|Any CPU
	EndGlobalSection
	GlobalSection(ProjectConfigurationPlatforms) = postSolution
		{8F851FFA-4644-4441-AAB4-9C391C18E7DA}.Debug|Any CPU.ActiveCfg = Debug|Any CPU
		{8F851FFA-4644-4441-AAB4-9C391C18E7DA}.Debug|Any CPU.Build.0 = Debug|Any CPU
		{8F851FFA-4644-4441-AAB4-9C391C18E7DA}.Release|Any CPU.ActiveCfg = Release|Any CPU
		{8F851FFA-4644-4441-AAB4-9C391C18E7DA}.Release|Any CPU.Build.0 = Release|Any CPU
	EndGlobalSection
	GlobalSection(SolutionProperties) = preSolution
		HideSolutionNode = FALSE
	EndGlobalSection
	GlobalSection(ExtensibilityGlobals) = postSolution
		SolutionGuid = {0FC43BF5-8B67-4783-ACF2-7EBFB12AC689}
	EndGlobalSection
EndGlobal
